
Microsoft Visual Studio Solution File, Format Version 12.00
# Visual Studio 15
VisualStudioVersion = 15.0.27703.2026
MinimumVisualStudioVersion = 10.0.40219.1
Project("{9A19103F-16F7-4668-BE54-9A1E7A4F7556}") = "VirtualShop.Common", "VirtualShop.Common\VirtualShop.Common.csproj", "{F45E5296-7A79-4D64-A9D6-D13975117E12}"
EndProject
Project("{2150E333-8FDC-42A3-9474-1A3956D46DE8}") = "Backend", "Backend", "{A424BF7A-34F9-40B6-8639-C72699C5A5BB}"
EndProject
Project("{2150E333-8FDC-42A3-9474-1A3956D46DE8}") = "Frontend", "Frontend", "{20DAA0E8-8188-45F6-9818-6568345DBF5B}"
EndProject
Project("{2150E333-8FDC-42A3-9474-1A3956D46DE8}") = "Forms", "Forms", "{94AAA342-A01C-46A1-866B-826CE388B36B}"
EndProject
Project("{2150E333-8FDC-42A3-9474-1A3956D46DE8}") = "Classic", "Classic", "{AC838B15-2DCF-47BF-B201-45C2F3AF0167}"
EndProject
Project("{FAE04EC0-301F-11D3-BF4B-00C04F79EFBC}") = "VirtualShop.UIForms.Android", "VirtualShop.UIForms\VirtualShop.UIForms.Android\VirtualShop.UIForms.Android.csproj", "{A1687B3E-73B1-42B1-BB01-C3D350F94FB1}"
EndProject
Project("{FAE04EC0-301F-11D3-BF4B-00C04F79EFBC}") = "VirtualShop.UIForms.iOS", "VirtualShop.UIForms\VirtualShop.UIForms.iOS\VirtualShop.UIForms.iOS.csproj", "{988AB8C9-ECDC-4CB7-9E85-4A52297D1CF0}"
EndProject
Project("{9A19103F-16F7-4668-BE54-9A1E7A4F7556}") = "VirtualShop.UIForms", "VirtualShop.UIForms\VirtualShop.UIForms\VirtualShop.UIForms.csproj", "{E02EE544-57A0-480A-9652-A88AA036244C}"
EndProject
Project("{9A19103F-16F7-4668-BE54-9A1E7A4F7556}") = "VirtualShop.UIClassic", "VirtualShop.UIClassic\VirtualShop.UIClassic.csproj", "{8C69D943-1749-44E6-994D-ACBF6400ED2E}"
EndProject
Project("{FAE04EC0-301F-11D3-BF4B-00C04F79EFBC}") = "VirtualShop.UIClassic.Android", "VirtualShop.UIClassic.Android\VirtualShop.UIClassic.Android.csproj", "{6D3BB2E1-6A95-4EE4-BD6B-C8D8969AFAEA}"
EndProject
Project("{FAE04EC0-301F-11D3-BF4B-00C04F79EFBC}") = "VirtualShop.UIClassic.iOS", "VirtualShop.UIClassic.iOS\VirtualShop.UIClassic.iOS.csproj", "{80A96B52-6758-4BDB-B0B4-CEA4CA155C60}"
EndProject
Project("{FAE04EC0-301F-11D3-BF4B-00C04F79EFBC}") = "VirtualShop.Web", "VirtualShop.Web\VirtualShop.Web.csproj", "{1BF6B251-7FD0-47B3-87C9-9893F9573BEC}"
EndProject
Global
	GlobalSection(SolutionConfigurationPlatforms) = preSolution
		Ad-Hoc|Any CPU = Ad-Hoc|Any CPU
		Ad-Hoc|iPhone = Ad-Hoc|iPhone
		Ad-Hoc|iPhoneSimulator = Ad-Hoc|iPhoneSimulator
		AppStore|Any CPU = AppStore|Any CPU
		AppStore|iPhone = AppStore|iPhone
		AppStore|iPhoneSimulator = AppStore|iPhoneSimulator
		Debug|Any CPU = Debug|Any CPU
		Debug|iPhone = Debug|iPhone
		Debug|iPhoneSimulator = Debug|iPhoneSimulator
		Release|Any CPU = Release|Any CPU
		Release|iPhone = Release|iPhone
		Release|iPhoneSimulator = Release|iPhoneSimulator
	EndGlobalSection
	GlobalSection(ProjectConfigurationPlatforms) = postSolution
		{F45E5296-7A79-4D64-A9D6-D13975117E12}.Ad-Hoc|Any CPU.ActiveCfg = Debug|Any CPU
		{F45E5296-7A79-4D64-A9D6-D13975117E12}.Ad-Hoc|Any CPU.Build.0 = Debug|Any CPU
		{F45E5296-7A79-4D64-A9D6-D13975117E12}.Ad-Hoc|iPhone.ActiveCfg = Debug|Any CPU
		{F45E5296-7A79-4D64-A9D6-D13975117E12}.Ad-Hoc|iPhone.Build.0 = Debug|Any CPU
		{F45E5296-7A79-4D64-A9D6-D13975117E12}.Ad-Hoc|iPhoneSimulator.ActiveCfg = Debug|Any CPU
		{F45E5296-7A79-4D64-A9D6-D13975117E12}.Ad-Hoc|iPhoneSimulator.Build.0 = Debug|Any CPU
		{F45E5296-7A79-4D64-A9D6-D13975117E12}.AppStore|Any CPU.ActiveCfg = Debug|Any CPU
		{F45E5296-7A79-4D64-A9D6-D13975117E12}.AppStore|Any CPU.Build.0 = Debug|Any CPU
		{F45E5296-7A79-4D64-A9D6-D13975117E12}.AppStore|iPhone.ActiveCfg = Debug|Any CPU
		{F45E5296-7A79-4D64-A9D6-D13975117E12}.AppStore|iPhone.Build.0 = Debug|Any CPU
		{F45E5296-7A79-4D64-A9D6-D13975117E12}.AppStore|iPhoneSimulator.ActiveCfg = Debug|Any CPU
		{F45E5296-7A79-4D64-A9D6-D13975117E12}.AppStore|iPhoneSimulator.Build.0 = Debug|Any CPU
		{F45E5296-7A79-4D64-A9D6-D13975117E12}.Debug|Any CPU.ActiveCfg = Debug|Any CPU
		{F45E5296-7A79-4D64-A9D6-D13975117E12}.Debug|Any CPU.Build.0 = Debug|Any CPU
		{F45E5296-7A79-4D64-A9D6-D13975117E12}.Debug|iPhone.ActiveCfg = Debug|Any CPU
		{F45E5296-7A79-4D64-A9D6-D13975117E12}.Debug|iPhone.Build.0 = Debug|Any CPU
		{F45E5296-7A79-4D64-A9D6-D13975117E12}.Debug|iPhoneSimulator.ActiveCfg = Debug|Any CPU
		{F45E5296-7A79-4D64-A9D6-D13975117E12}.Debug|iPhoneSimulator.Build.0 = Debug|Any CPU
		{F45E5296-7A79-4D64-A9D6-D13975117E12}.Release|Any CPU.ActiveCfg = Release|Any CPU
		{F45E5296-7A79-4D64-A9D6-D13975117E12}.Release|Any CPU.Build.0 = Release|Any CPU
		{F45E5296-7A79-4D64-A9D6-D13975117E12}.Release|iPhone.ActiveCfg = Release|Any CPU
		{F45E5296-7A79-4D64-A9D6-D13975117E12}.Release|iPhone.Build.0 = Release|Any CPU
		{F45E5296-7A79-4D64-A9D6-D13975117E12}.Release|iPhoneSimulator.ActiveCfg = Release|Any CPU
		{F45E5296-7A79-4D64-A9D6-D13975117E12}.Release|iPhoneSimulator.Build.0 = Release|Any CPU
		{A1687B3E-73B1-42B1-BB01-C3D350F94FB1}.Ad-Hoc|Any CPU.ActiveCfg = Release|Any CPU
		{A1687B3E-73B1-42B1-BB01-C3D350F94FB1}.Ad-Hoc|Any CPU.Build.0 = Release|Any CPU
		{A1687B3E-73B1-42B1-BB01-C3D350F94FB1}.Ad-Hoc|Any CPU.Deploy.0 = Release|Any CPU
		{A1687B3E-73B1-42B1-BB01-C3D350F94FB1}.Ad-Hoc|iPhone.ActiveCfg = Release|Any CPU
		{A1687B3E-73B1-42B1-BB01-C3D350F94FB1}.Ad-Hoc|iPhone.Build.0 = Release|Any CPU
		{A1687B3E-73B1-42B1-BB01-C3D350F94FB1}.Ad-Hoc|iPhone.Deploy.0 = Release|Any CPU
		{A1687B3E-73B1-42B1-BB01-C3D350F94FB1}.Ad-Hoc|iPhoneSimulator.ActiveCfg = Release|Any CPU
		{A1687B3E-73B1-42B1-BB01-C3D350F94FB1}.Ad-Hoc|iPhoneSimulator.Build.0 = Release|Any CPU
		{A1687B3E-73B1-42B1-BB01-C3D350F94FB1}.Ad-Hoc|iPhoneSimulator.Deploy.0 = Release|Any CPU
		{A1687B3E-73B1-42B1-BB01-C3D350F94FB1}.AppStore|Any CPU.ActiveCfg = Release|Any CPU
		{A1687B3E-73B1-42B1-BB01-C3D350F94FB1}.AppStore|Any CPU.Build.0 = Release|Any CPU
		{A1687B3E-73B1-42B1-BB01-C3D350F94FB1}.AppStore|Any CPU.Deploy.0 = Release|Any CPU
		{A1687B3E-73B1-42B1-BB01-C3D350F94FB1}.AppStore|iPhone.ActiveCfg = Release|Any CPU
		{A1687B3E-73B1-42B1-BB01-C3D350F94FB1}.AppStore|iPhone.Build.0 = Release|Any CPU
		{A1687B3E-73B1-42B1-BB01-C3D350F94FB1}.AppStore|iPhone.Deploy.0 = Release|Any CPU
		{A1687B3E-73B1-42B1-BB01-C3D350F94FB1}.AppStore|iPhoneSimulator.ActiveCfg = Release|Any CPU
		{A1687B3E-73B1-42B1-BB01-C3D350F94FB1}.AppStore|iPhoneSimulator.Build.0 = Release|Any CPU
		{A1687B3E-73B1-42B1-BB01-C3D350F94FB1}.AppStore|iPhoneSimulator.Deploy.0 = Release|Any CPU
		{A1687B3E-73B1-42B1-BB01-C3D350F94FB1}.Debug|Any CPU.ActiveCfg = Debug|Any CPU
		{A1687B3E-73B1-42B1-BB01-C3D350F94FB1}.Debug|Any CPU.Build.0 = Debug|Any CPU
		{A1687B3E-73B1-42B1-BB01-C3D350F94FB1}.Debug|Any CPU.Deploy.0 = Debug|Any CPU
		{A1687B3E-73B1-42B1-BB01-C3D350F94FB1}.Debug|iPhone.ActiveCfg = Debug|Any CPU
		{A1687B3E-73B1-42B1-BB01-C3D350F94FB1}.Debug|iPhone.Build.0 = Debug|Any CPU
		{A1687B3E-73B1-42B1-BB01-C3D350F94FB1}.Debug|iPhone.Deploy.0 = Debug|Any CPU
		{A1687B3E-73B1-42B1-BB01-C3D350F94FB1}.Debug|iPhoneSimulator.ActiveCfg = Debug|Any CPU
		{A1687B3E-73B1-42B1-BB01-C3D350F94FB1}.Debug|iPhoneSimulator.Build.0 = Debug|Any CPU
		{A1687B3E-73B1-42B1-BB01-C3D350F94FB1}.Debug|iPhoneSimulator.Deploy.0 = Debug|Any CPU
		{A1687B3E-73B1-42B1-BB01-C3D350F94FB1}.Release|Any CPU.ActiveCfg = Release|Any CPU
		{A1687B3E-73B1-42B1-BB01-C3D350F94FB1}.Release|Any CPU.Build.0 = Release|Any CPU
		{A1687B3E-73B1-42B1-BB01-C3D350F94FB1}.Release|Any CPU.Deploy.0 = Release|Any CPU
		{A1687B3E-73B1-42B1-BB01-C3D350F94FB1}.Release|iPhone.ActiveCfg = Release|Any CPU
		{A1687B3E-73B1-42B1-BB01-C3D350F94FB1}.Release|iPhone.Build.0 = Release|Any CPU
		{A1687B3E-73B1-42B1-BB01-C3D350F94FB1}.Release|iPhone.Deploy.0 = Release|Any CPU
		{A1687B3E-73B1-42B1-BB01-C3D350F94FB1}.Release|iPhoneSimulator.ActiveCfg = Release|Any CPU
		{A1687B3E-73B1-42B1-BB01-C3D350F94FB1}.Release|iPhoneSimulator.Build.0 = Release|Any CPU
		{A1687B3E-73B1-42B1-BB01-C3D350F94FB1}.Release|iPhoneSimulator.Deploy.0 = Release|Any CPU
		{988AB8C9-ECDC-4CB7-9E85-4A52297D1CF0}.Ad-Hoc|Any CPU.ActiveCfg = Ad-Hoc|iPhone
		{988AB8C9-ECDC-4CB7-9E85-4A52297D1CF0}.Ad-Hoc|iPhone.ActiveCfg = Ad-Hoc|iPhone
		{988AB8C9-ECDC-4CB7-9E85-4A52297D1CF0}.Ad-Hoc|iPhone.Build.0 = Ad-Hoc|iPhone
		{988AB8C9-ECDC-4CB7-9E85-4A52297D1CF0}.Ad-Hoc|iPhoneSimulator.ActiveCfg = Ad-Hoc|iPhoneSimulator
		{988AB8C9-ECDC-4CB7-9E85-4A52297D1CF0}.Ad-Hoc|iPhoneSimulator.Build.0 = Ad-Hoc|iPhoneSimulator
		{988AB8C9-ECDC-4CB7-9E85-4A52297D1CF0}.AppStore|Any CPU.ActiveCfg = AppStore|iPhone
		{988AB8C9-ECDC-4CB7-9E85-4A52297D1CF0}.AppStore|iPhone.ActiveCfg = AppStore|iPhone
		{988AB8C9-ECDC-4CB7-9E85-4A52297D1CF0}.AppStore|iPhone.Build.0 = AppStore|iPhone
		{988AB8C9-ECDC-4CB7-9E85-4A52297D1CF0}.AppStore|iPhoneSimulator.ActiveCfg = AppStore|iPhoneSimulator
		{988AB8C9-ECDC-4CB7-9E85-4A52297D1CF0}.AppStore|iPhoneSimulator.Build.0 = AppStore|iPhoneSimulator
		{988AB8C9-ECDC-4CB7-9E85-4A52297D1CF0}.Debug|Any CPU.ActiveCfg = Debug|iPhone
		{988AB8C9-ECDC-4CB7-9E85-4A52297D1CF0}.Debug|iPhone.ActiveCfg = Debug|iPhone
		{988AB8C9-ECDC-4CB7-9E85-4A52297D1CF0}.Debug|iPhone.Build.0 = Debug|iPhone
		{988AB8C9-ECDC-4CB7-9E85-4A52297D1CF0}.Debug|iPhoneSimulator.ActiveCfg = Debug|iPhoneSimulator
		{988AB8C9-ECDC-4CB7-9E85-4A52297D1CF0}.Debug|iPhoneSimulator.Build.0 = Debug|iPhoneSimulator
		{988AB8C9-ECDC-4CB7-9E85-4A52297D1CF0}.Release|Any CPU.ActiveCfg = Release|iPhone
		{988AB8C9-ECDC-4CB7-9E85-4A52297D1CF0}.Release|iPhone.ActiveCfg = Release|iPhone
		{988AB8C9-ECDC-4CB7-9E85-4A52297D1CF0}.Release|iPhone.Build.0 = Release|iPhone
		{988AB8C9-ECDC-4CB7-9E85-4A52297D1CF0}.Release|iPhoneSimulator.ActiveCfg = Release|iPhoneSimulator
		{988AB8C9-ECDC-4CB7-9E85-4A52297D1CF0}.Release|iPhoneSimulator.Build.0 = Release|iPhoneSimulator
		{E02EE544-57A0-480A-9652-A88AA036244C}.Ad-Hoc|Any CPU.ActiveCfg = Debug|Any CPU
		{E02EE544-57A0-480A-9652-A88AA036244C}.Ad-Hoc|Any CPU.Build.0 = Debug|Any CPU
		{E02EE544-57A0-480A-9652-A88AA036244C}.Ad-Hoc|iPhone.ActiveCfg = Debug|Any CPU
		{E02EE544-57A0-480A-9652-A88AA036244C}.Ad-Hoc|iPhone.Build.0 = Debug|Any CPU
		{E02EE544-57A0-480A-9652-A88AA036244C}.Ad-Hoc|iPhoneSimulator.ActiveCfg = Debug|Any CPU
		{E02EE544-57A0-480A-9652-A88AA036244C}.Ad-Hoc|iPhoneSimulator.Build.0 = Debug|Any CPU
		{E02EE544-57A0-480A-9652-A88AA036244C}.AppStore|Any CPU.ActiveCfg = Debug|Any CPU
		{E02EE544-57A0-480A-9652-A88AA036244C}.AppStore|Any CPU.Build.0 = Debug|Any CPU
		{E02EE544-57A0-480A-9652-A88AA036244C}.AppStore|iPhone.ActiveCfg = Debug|Any CPU
		{E02EE544-57A0-480A-9652-A88AA036244C}.AppStore|iPhone.Build.0 = Debug|Any CPU
		{E02EE544-57A0-480A-9652-A88AA036244C}.AppStore|iPhoneSimulator.ActiveCfg = Debug|Any CPU
		{E02EE544-57A0-480A-9652-A88AA036244C}.AppStore|iPhoneSimulator.Build.0 = Debug|Any CPU
		{E02EE544-57A0-480A-9652-A88AA036244C}.Debug|Any CPU.ActiveCfg = Debug|Any CPU
		{E02EE544-57A0-480A-9652-A88AA036244C}.Debug|Any CPU.Build.0 = Debug|Any CPU
		{E02EE544-57A0-480A-9652-A88AA036244C}.Debug|iPhone.ActiveCfg = Debug|Any CPU
		{E02EE544-57A0-480A-9652-A88AA036244C}.Debug|iPhone.Build.0 = Debug|Any CPU
		{E02EE544-57A0-480A-9652-A88AA036244C}.Debug|iPhoneSimulator.ActiveCfg = Debug|Any CPU
		{E02EE544-57A0-480A-9652-A88AA036244C}.Debug|iPhoneSimulator.Build.0 = Debug|Any CPU
		{E02EE544-57A0-480A-9652-A88AA036244C}.Release|Any CPU.ActiveCfg = Release|Any CPU
		{E02EE544-57A0-480A-9652-A88AA036244C}.Release|Any CPU.Build.0 = Release|Any CPU
		{E02EE544-57A0-480A-9652-A88AA036244C}.Release|iPhone.ActiveCfg = Release|Any CPU
		{E02EE544-57A0-480A-9652-A88AA036244C}.Release|iPhone.Build.0 = Release|Any CPU
		{E02EE544-57A0-480A-9652-A88AA036244C}.Release|iPhoneSimulator.ActiveCfg = Release|Any CPU
		{E02EE544-57A0-480A-9652-A88AA036244C}.Release|iPhoneSimulator.Build.0 = Release|Any CPU
		{8C69D943-1749-44E6-994D-ACBF6400ED2E}.Ad-Hoc|Any CPU.ActiveCfg = Debug|Any CPU
		{8C69D943-1749-44E6-994D-ACBF6400ED2E}.Ad-Hoc|Any CPU.Build.0 = Debug|Any CPU
		{8C69D943-1749-44E6-994D-ACBF6400ED2E}.Ad-Hoc|iPhone.ActiveCfg = Debug|Any CPU
		{8C69D943-1749-44E6-994D-ACBF6400ED2E}.Ad-Hoc|iPhone.Build.0 = Debug|Any CPU
		{8C69D943-1749-44E6-994D-ACBF6400ED2E}.Ad-Hoc|iPhoneSimulator.ActiveCfg = Debug|Any CPU
		{8C69D943-1749-44E6-994D-ACBF6400ED2E}.Ad-Hoc|iPhoneSimulator.Build.0 = Debug|Any CPU
		{8C69D943-1749-44E6-994D-ACBF6400ED2E}.AppStore|Any CPU.ActiveCfg = Debug|Any CPU
		{8C69D943-1749-44E6-994D-ACBF6400ED2E}.AppStore|Any CPU.Build.0 = Debug|Any CPU
		{8C69D943-1749-44E6-994D-ACBF6400ED2E}.AppStore|iPhone.ActiveCfg = Debug|Any CPU
		{8C69D943-1749-44E6-994D-ACBF6400ED2E}.AppStore|iPhone.Build.0 = Debug|Any CPU
		{8C69D943-1749-44E6-994D-ACBF6400ED2E}.AppStore|iPhoneSimulator.ActiveCfg = Debug|Any CPU
		{8C69D943-1749-44E6-994D-ACBF6400ED2E}.AppStore|iPhoneSimulator.Build.0 = Debug|Any CPU
		{8C69D943-1749-44E6-994D-ACBF6400ED2E}.Debug|Any CPU.ActiveCfg = Debug|Any CPU
		{8C69D943-1749-44E6-994D-ACBF6400ED2E}.Debug|Any CPU.Build.0 = Debug|Any CPU
		{8C69D943-1749-44E6-994D-ACBF6400ED2E}.Debug|iPhone.ActiveCfg = Debug|Any CPU
		{8C69D943-1749-44E6-994D-ACBF6400ED2E}.Debug|iPhone.Build.0 = Debug|Any CPU
		{8C69D943-1749-44E6-994D-ACBF6400ED2E}.Debug|iPhoneSimulator.ActiveCfg = Debug|Any CPU
		{8C69D943-1749-44E6-994D-ACBF6400ED2E}.Debug|iPhoneSimulator.Build.0 = Debug|Any CPU
		{8C69D943-1749-44E6-994D-ACBF6400ED2E}.Release|Any CPU.ActiveCfg = Release|Any CPU
		{8C69D943-1749-44E6-994D-ACBF6400ED2E}.Release|Any CPU.Build.0 = Release|Any CPU
		{8C69D943-1749-44E6-994D-ACBF6400ED2E}.Release|iPhone.ActiveCfg = Release|Any CPU
		{8C69D943-1749-44E6-994D-ACBF6400ED2E}.Release|iPhone.Build.0 = Release|Any CPU
		{8C69D943-1749-44E6-994D-ACBF6400ED2E}.Release|iPhoneSimulator.ActiveCfg = Release|Any CPU
		{8C69D943-1749-44E6-994D-ACBF6400ED2E}.Release|iPhoneSimulator.Build.0 = Release|Any CPU
		{6D3BB2E1-6A95-4EE4-BD6B-C8D8969AFAEA}.Ad-Hoc|Any CPU.ActiveCfg = Release|Any CPU
		{6D3BB2E1-6A95-4EE4-BD6B-C8D8969AFAEA}.Ad-Hoc|Any CPU.Build.0 = Release|Any CPU
		{6D3BB2E1-6A95-4EE4-BD6B-C8D8969AFAEA}.Ad-Hoc|Any CPU.Deploy.0 = Release|Any CPU
		{6D3BB2E1-6A95-4EE4-BD6B-C8D8969AFAEA}.Ad-Hoc|iPhone.ActiveCfg = Release|Any CPU
		{6D3BB2E1-6A95-4EE4-BD6B-C8D8969AFAEA}.Ad-Hoc|iPhone.Build.0 = Release|Any CPU
		{6D3BB2E1-6A95-4EE4-BD6B-C8D8969AFAEA}.Ad-Hoc|iPhone.Deploy.0 = Release|Any CPU
		{6D3BB2E1-6A95-4EE4-BD6B-C8D8969AFAEA}.Ad-Hoc|iPhoneSimulator.ActiveCfg = Release|Any CPU
		{6D3BB2E1-6A95-4EE4-BD6B-C8D8969AFAEA}.Ad-Hoc|iPhoneSimulator.Build.0 = Release|Any CPU
		{6D3BB2E1-6A95-4EE4-BD6B-C8D8969AFAEA}.Ad-Hoc|iPhoneSimulator.Deploy.0 = Release|Any CPU
		{6D3BB2E1-6A95-4EE4-BD6B-C8D8969AFAEA}.AppStore|Any CPU.ActiveCfg = Release|Any CPU
		{6D3BB2E1-6A95-4EE4-BD6B-C8D8969AFAEA}.AppStore|Any CPU.Build.0 = Release|Any CPU
		{6D3BB2E1-6A95-4EE4-BD6B-C8D8969AFAEA}.AppStore|Any CPU.Deploy.0 = Release|Any CPU
		{6D3BB2E1-6A95-4EE4-BD6B-C8D8969AFAEA}.AppStore|iPhone.ActiveCfg = Release|Any CPU
		{6D3BB2E1-6A95-4EE4-BD6B-C8D8969AFAEA}.AppStore|iPhone.Build.0 = Release|Any CPU
		{6D3BB2E1-6A95-4EE4-BD6B-C8D8969AFAEA}.AppStore|iPhone.Deploy.0 = Release|Any CPU
		{6D3BB2E1-6A95-4EE4-BD6B-C8D8969AFAEA}.AppStore|iPhoneSimulator.ActiveCfg = Release|Any CPU
		{6D3BB2E1-6A95-4EE4-BD6B-C8D8969AFAEA}.AppStore|iPhoneSimulator.Build.0 = Release|Any CPU
		{6D3BB2E1-6A95-4EE4-BD6B-C8D8969AFAEA}.AppStore|iPhoneSimulator.Deploy.0 = Release|Any CPU
		{6D3BB2E1-6A95-4EE4-BD6B-C8D8969AFAEA}.Debug|Any CPU.ActiveCfg = Debug|Any CPU
		{6D3BB2E1-6A95-4EE4-BD6B-C8D8969AFAEA}.Debug|Any CPU.Build.0 = Debug|Any CPU
		{6D3BB2E1-6A95-4EE4-BD6B-C8D8969AFAEA}.Debug|Any CPU.Deploy.0 = Debug|Any CPU
		{6D3BB2E1-6A95-4EE4-BD6B-C8D8969AFAEA}.Debug|iPhone.ActiveCfg = Debug|Any CPU
		{6D3BB2E1-6A95-4EE4-BD6B-C8D8969AFAEA}.Debug|iPhone.Build.0 = Debug|Any CPU
		{6D3BB2E1-6A95-4EE4-BD6B-C8D8969AFAEA}.Debug|iPhone.Deploy.0 = Debug|Any CPU
		{6D3BB2E1-6A95-4EE4-BD6B-C8D8969AFAEA}.Debug|iPhoneSimulator.ActiveCfg = Debug|Any CPU
		{6D3BB2E1-6A95-4EE4-BD6B-C8D8969AFAEA}.Debug|iPhoneSimulator.Build.0 = Debug|Any CPU
		{6D3BB2E1-6A95-4EE4-BD6B-C8D8969AFAEA}.Debug|iPhoneSimulator.Deploy.0 = Debug|Any CPU
		{6D3BB2E1-6A95-4EE4-BD6B-C8D8969AFAEA}.Release|Any CPU.ActiveCfg = Release|Any CPU
		{6D3BB2E1-6A95-4EE4-BD6B-C8D8969AFAEA}.Release|Any CPU.Build.0 = Release|Any CPU
		{6D3BB2E1-6A95-4EE4-BD6B-C8D8969AFAEA}.Release|Any CPU.Deploy.0 = Release|Any CPU
		{6D3BB2E1-6A95-4EE4-BD6B-C8D8969AFAEA}.Release|iPhone.ActiveCfg = Release|Any CPU
		{6D3BB2E1-6A95-4EE4-BD6B-C8D8969AFAEA}.Release|iPhone.Build.0 = Release|Any CPU
		{6D3BB2E1-6A95-4EE4-BD6B-C8D8969AFAEA}.Release|iPhone.Deploy.0 = Release|Any CPU
		{6D3BB2E1-6A95-4EE4-BD6B-C8D8969AFAEA}.Release|iPhoneSimulator.ActiveCfg = Release|Any CPU
		{6D3BB2E1-6A95-4EE4-BD6B-C8D8969AFAEA}.Release|iPhoneSimulator.Build.0 = Release|Any CPU
		{6D3BB2E1-6A95-4EE4-BD6B-C8D8969AFAEA}.Release|iPhoneSimulator.Deploy.0 = Release|Any CPU
		{80A96B52-6758-4BDB-B0B4-CEA4CA155C60}.Ad-Hoc|Any CPU.ActiveCfg = Release|iPhone
		{80A96B52-6758-4BDB-B0B4-CEA4CA155C60}.Ad-Hoc|Any CPU.Build.0 = Release|iPhone
		{80A96B52-6758-4BDB-B0B4-CEA4CA155C60}.Ad-Hoc|iPhone.ActiveCfg = Release|iPhone
		{80A96B52-6758-4BDB-B0B4-CEA4CA155C60}.Ad-Hoc|iPhone.Build.0 = Release|iPhone
		{80A96B52-6758-4BDB-B0B4-CEA4CA155C60}.Ad-Hoc|iPhoneSimulator.ActiveCfg = Release|iPhoneSimulator
		{80A96B52-6758-4BDB-B0B4-CEA4CA155C60}.Ad-Hoc|iPhoneSimulator.Build.0 = Release|iPhoneSimulator
		{80A96B52-6758-4BDB-B0B4-CEA4CA155C60}.AppStore|Any CPU.ActiveCfg = Release|iPhone
		{80A96B52-6758-4BDB-B0B4-CEA4CA155C60}.AppStore|Any CPU.Build.0 = Release|iPhone
		{80A96B52-6758-4BDB-B0B4-CEA4CA155C60}.AppStore|iPhone.ActiveCfg = Release|iPhone
		{80A96B52-6758-4BDB-B0B4-CEA4CA155C60}.AppStore|iPhone.Build.0 = Release|iPhone
		{80A96B52-6758-4BDB-B0B4-CEA4CA155C60}.AppStore|iPhoneSimulator.ActiveCfg = Release|iPhoneSimulator
		{80A96B52-6758-4BDB-B0B4-CEA4CA155C60}.AppStore|iPhoneSimulator.Build.0 = Release|iPhoneSimulator
		{80A96B52-6758-4BDB-B0B4-CEA4CA155C60}.Debug|Any CPU.ActiveCfg = Debug|iPhone
		{80A96B52-6758-4BDB-B0B4-CEA4CA155C60}.Debug|iPhone.ActiveCfg = Debug|iPhone
		{80A96B52-6758-4BDB-B0B4-CEA4CA155C60}.Debug|iPhone.Build.0 = Debug|iPhone
		{80A96B52-6758-4BDB-B0B4-CEA4CA155C60}.Debug|iPhoneSimulator.ActiveCfg = Debug|iPhoneSimulator
		{80A96B52-6758-4BDB-B0B4-CEA4CA155C60}.Debug|iPhoneSimulator.Build.0 = Debug|iPhoneSimulator
		{80A96B52-6758-4BDB-B0B4-CEA4CA155C60}.Release|Any CPU.ActiveCfg = Release|iPhone
		{80A96B52-6758-4BDB-B0B4-CEA4CA155C60}.Release|iPhone.ActiveCfg = Release|iPhone
		{80A96B52-6758-4BDB-B0B4-CEA4CA155C60}.Release|iPhone.Build.0 = Release|iPhone
		{80A96B52-6758-4BDB-B0B4-CEA4CA155C60}.Release|iPhoneSimulator.ActiveCfg = Release|iPhoneSimulator
		{80A96B52-6758-4BDB-B0B4-CEA4CA155C60}.Release|iPhoneSimulator.Build.0 = Release|iPhoneSimulator
		{1BF6B251-7FD0-47B3-87C9-9893F9573BEC}.Ad-Hoc|Any CPU.ActiveCfg = Debug|Any CPU
		{1BF6B251-7FD0-47B3-87C9-9893F9573BEC}.Ad-Hoc|Any CPU.Build.0 = Debug|Any CPU
		{1BF6B251-7FD0-47B3-87C9-9893F9573BEC}.Ad-Hoc|iPhone.ActiveCfg = Debug|Any CPU
		{1BF6B251-7FD0-47B3-87C9-9893F9573BEC}.Ad-Hoc|iPhone.Build.0 = Debug|Any CPU
		{1BF6B251-7FD0-47B3-87C9-9893F9573BEC}.Ad-Hoc|iPhoneSimulator.ActiveCfg = Debug|Any CPU
		{1BF6B251-7FD0-47B3-87C9-9893F9573BEC}.Ad-Hoc|iPhoneSimulator.Build.0 = Debug|Any CPU
		{1BF6B251-7FD0-47B3-87C9-9893F9573BEC}.AppStore|Any CPU.ActiveCfg = Debug|Any CPU
		{1BF6B251-7FD0-47B3-87C9-9893F9573BEC}.AppStore|Any CPU.Build.0 = Debug|Any CPU
		{1BF6B251-7FD0-47B3-87C9-9893F9573BEC}.AppStore|iPhone.ActiveCfg = Debug|Any CPU
		{1BF6B251-7FD0-47B3-87C9-9893F9573BEC}.AppStore|iPhone.Build.0 = Debug|Any CPU
		{1BF6B251-7FD0-47B3-87C9-9893F9573BEC}.AppStore|iPhoneSimulator.ActiveCfg = Debug|Any CPU
		{1BF6B251-7FD0-47B3-87C9-9893F9573BEC}.AppStore|iPhoneSimulator.Build.0 = Debug|Any CPU
		{1BF6B251-7FD0-47B3-87C9-9893F9573BEC}.Debug|Any CPU.ActiveCfg = Debug|Any CPU
		{1BF6B251-7FD0-47B3-87C9-9893F9573BEC}.Debug|Any CPU.Build.0 = Debug|Any CPU
		{1BF6B251-7FD0-47B3-87C9-9893F9573BEC}.Debug|iPhone.ActiveCfg = Debug|Any CPU
		{1BF6B251-7FD0-47B3-87C9-9893F9573BEC}.Debug|iPhone.Build.0 = Debug|Any CPU
		{1BF6B251-7FD0-47B3-87C9-9893F9573BEC}.Debug|iPhoneSimulator.ActiveCfg = Debug|Any CPU
		{1BF6B251-7FD0-47B3-87C9-9893F9573BEC}.Debug|iPhoneSimulator.Build.0 = Debug|Any CPU
		{1BF6B251-7FD0-47B3-87C9-9893F9573BEC}.Release|Any CPU.ActiveCfg = Release|Any CPU
		{1BF6B251-7FD0-47B3-87C9-9893F9573BEC}.Release|Any CPU.Build.0 = Release|Any CPU
		{1BF6B251-7FD0-47B3-87C9-9893F9573BEC}.Release|iPhone.ActiveCfg = Release|Any CPU
		{1BF6B251-7FD0-47B3-87C9-9893F9573BEC}.Release|iPhone.Build.0 = Release|Any CPU
		{1BF6B251-7FD0-47B3-87C9-9893F9573BEC}.Release|iPhoneSimulator.ActiveCfg = Release|Any CPU
		{1BF6B251-7FD0-47B3-87C9-9893F9573BEC}.Release|iPhoneSimulator.Build.0 = Release|Any CPU
	EndGlobalSection
	GlobalSection(SolutionProperties) = preSolution
		HideSolutionNode = FALSE
	EndGlobalSection
	GlobalSection(NestedProjects) = preSolution
		{94AAA342-A01C-46A1-866B-826CE388B36B} = {20DAA0E8-8188-45F6-9818-6568345DBF5B}
		{AC838B15-2DCF-47BF-B201-45C2F3AF0167} = {20DAA0E8-8188-45F6-9818-6568345DBF5B}
		{A1687B3E-73B1-42B1-BB01-C3D350F94FB1} = {94AAA342-A01C-46A1-866B-826CE388B36B}
		{988AB8C9-ECDC-4CB7-9E85-4A52297D1CF0} = {94AAA342-A01C-46A1-866B-826CE388B36B}
		{E02EE544-57A0-480A-9652-A88AA036244C} = {94AAA342-A01C-46A1-866B-826CE388B36B}
		{8C69D943-1749-44E6-994D-ACBF6400ED2E} = {AC838B15-2DCF-47BF-B201-45C2F3AF0167}
		{6D3BB2E1-6A95-4EE4-BD6B-C8D8969AFAEA} = {AC838B15-2DCF-47BF-B201-45C2F3AF0167}
		{80A96B52-6758-4BDB-B0B4-CEA4CA155C60} = {AC838B15-2DCF-47BF-B201-45C2F3AF0167}
		{1BF6B251-7FD0-47B3-87C9-9893F9573BEC} = {A424BF7A-34F9-40B6-8639-C72699C5A5BB}
	EndGlobalSection
	GlobalSection(ExtensibilityGlobals) = postSolution
		SolutionGuid = {B8636718-2956-4F99-AE6F-572AB80800D4}
	EndGlobalSection
EndGlobal
